// !$*UTF8*$!
{
	archiveVersion = 1;
	classes = {
	};
	objectVersion = 56;
	objects = {

/* Begin PBXBuildFile section */
		10CD05182943CE4600BAD54C /* listaPersonajes.swift in Sources */ = {isa = PBXBuildFile; fileRef = 10CD05172943CE4600BAD54C /* listaPersonajes.swift */; };
		3D2C84BB290D8E1C007B3630 /* AppDelegate.swift in Sources */ = {isa = PBXBuildFile; fileRef = 3D2C84BA290D8E1C007B3630 /* AppDelegate.swift */; };
		3D2C84BD290D8E1C007B3630 /* SceneDelegate.swift in Sources */ = {isa = PBXBuildFile; fileRef = 3D2C84BC290D8E1C007B3630 /* SceneDelegate.swift */; };
		3D2C84BF290D8E1C007B3630 /* ViewController.swift in Sources */ = {isa = PBXBuildFile; fileRef = 3D2C84BE290D8E1C007B3630 /* ViewController.swift */; };
		3D2C84C2290D8E1C007B3630 /* Main.storyboard in Resources */ = {isa = PBXBuildFile; fileRef = 3D2C84C0290D8E1C007B3630 /* Main.storyboard */; };
		3D2C84C4290D8E1E007B3630 /* Assets.xcassets in Resources */ = {isa = PBXBuildFile; fileRef = 3D2C84C3290D8E1E007B3630 /* Assets.xcassets */; };
		3D2C84C7290D8E1E007B3630 /* LaunchScreen.storyboard in Resources */ = {isa = PBXBuildFile; fileRef = 3D2C84C5290D8E1E007B3630 /* LaunchScreen.storyboard */; };
		3D2C84CF290DA673007B3630 /* TableViewController.swift in Sources */ = {isa = PBXBuildFile; fileRef = 3D2C84CE290DA673007B3630 /* TableViewController.swift */; };
		3D2C84D1290DA96B007B3630 /* Rick.swift in Sources */ = {isa = PBXBuildFile; fileRef = 3D2C84D0290DA96B007B3630 /* Rick.swift */; };
		DF21F7CC2926F74900EB41A6 /* Network.framework in Frameworks */ = {isa = PBXBuildFile; fileRef = DF21F7CB2926F74900EB41A6 /* Network.framework */; };
/* End PBXBuildFile section */

/* Begin PBXFileReference section */
		10CD05172943CE4600BAD54C /* listaPersonajes.swift */ = {isa = PBXFileReference; lastKnownFileType = sourcecode.swift; path = listaPersonajes.swift; sourceTree = "<group>"; };
		3D2C84B7290D8E1C007B3630 /* BackgroundContent.app */ = {isa = PBXFileReference; explicitFileType = wrapper.application; includeInIndex = 0; path = BackgroundContent.app; sourceTree = BUILT_PRODUCTS_DIR; };
		3D2C84BA290D8E1C007B3630 /* AppDelegate.swift */ = {isa = PBXFileReference; lastKnownFileType = sourcecode.swift; path = AppDelegate.swift; sourceTree = "<group>"; };
		3D2C84BC290D8E1C007B3630 /* SceneDelegate.swift */ = {isa = PBXFileReference; lastKnownFileType = sourcecode.swift; path = SceneDelegate.swift; sourceTree = "<group>"; };
		3D2C84BE290D8E1C007B3630 /* ViewController.swift */ = {isa = PBXFileReference; lastKnownFileType = sourcecode.swift; path = ViewController.swift; sourceTree = "<group>"; };
		3D2C84C1290D8E1C007B3630 /* Base */ = {isa = PBXFileReference; lastKnownFileType = file.storyboard; name = Base; path = Base.lproj/Main.storyboard; sourceTree = "<group>"; };
		3D2C84C3290D8E1E007B3630 /* Assets.xcassets */ = {isa = PBXFileReference; lastKnownFileType = folder.assetcatalog; path = Assets.xcassets; sourceTree = "<group>"; };
		3D2C84C6290D8E1E007B3630 /* Base */ = {isa = PBXFileReference; lastKnownFileType = file.storyboard; name = Base; path = Base.lproj/LaunchScreen.storyboard; sourceTree = "<group>"; };
		3D2C84C8290D8E1E007B3630 /* Info.plist */ = {isa = PBXFileReference; lastKnownFileType = text.plist.xml; path = Info.plist; sourceTree = "<group>"; };
		3D2C84CE290DA673007B3630 /* TableViewController.swift */ = {isa = PBXFileReference; lastKnownFileType = sourcecode.swift; path = TableViewController.swift; sourceTree = "<group>"; };
		3D2C84D0290DA96B007B3630 /* Rick.swift */ = {isa = PBXFileReference; lastKnownFileType = sourcecode.swift; path = Rick.swift; sourceTree = "<group>"; };
		DF21F7CB2926F74900EB41A6 /* Network.framework */ = {isa = PBXFileReference; lastKnownFileType = wrapper.framework; name = Network.framework; path = System/Library/Frameworks/Network.framework; sourceTree = SDKROOT; };
/* End PBXFileReference section */

/* Begin PBXFrameworksBuildPhase section */
		3D2C84B4290D8E1C007B3630 /* Frameworks */ = {
			isa = PBXFrameworksBuildPhase;
			buildActionMask = 2147483647;
			files = (
				DF21F7CC2926F74900EB41A6 /* Network.framework in Frameworks */,
			);
			runOnlyForDeploymentPostprocessing = 0;
		};
/* End PBXFrameworksBuildPhase section */

/* Begin PBXGroup section */
		3D2C84AE290D8E1C007B3630 = {
			isa = PBXGroup;
			children = (
				3D2C84B9290D8E1C007B3630 /* BackgroundContent */,
				3D2C84B8290D8E1C007B3630 /* Products */,
				DF21F7CA2926F74800EB41A6 /* Frameworks */,
			);
			sourceTree = "<group>";
		};
		3D2C84B8290D8E1C007B3630 /* Products */ = {
			isa = PBXGroup;
			children = (
				3D2C84B7290D8E1C007B3630 /* BackgroundContent.app */,
			);
			name = Products;
			sourceTree = "<group>";
		};
		3D2C84B9290D8E1C007B3630 /* BackgroundContent */ = {
			isa = PBXGroup;
			children = (
				3D2C84BA290D8E1C007B3630 /* AppDelegate.swift */,
				3D2C84BC290D8E1C007B3630 /* SceneDelegate.swift */,
				3D2C84BE290D8E1C007B3630 /* ViewController.swift */,
				3D2C84C0290D8E1C007B3630 /* Main.storyboard */,
				3D2C84C3290D8E1E007B3630 /* Assets.xcassets */,
				3D2C84C5290D8E1E007B3630 /* LaunchScreen.storyboard */,
				3D2C84C8290D8E1E007B3630 /* Info.plist */,
				3D2C84CE290DA673007B3630 /* TableViewController.swift */,
				3D2C84D0290DA96B007B3630 /* Rick.swift */,
				10CD05172943CE4600BAD54C /* listaPersonajes.swift */,
			);
			path = BackgroundContent;
			sourceTree = "<group>";
		};
		DF21F7CA2926F74800EB41A6 /* Frameworks */ = {
			isa = PBXGroup;
			children = (
				DF21F7CB2926F74900EB41A6 /* Network.framework */,
			);
			name = Frameworks;
			sourceTree = "<group>";
		};
/* End PBXGroup section */

/* Begin PBXNativeTarget section */
		3D2C84B6290D8E1C007B3630 /* BackgroundContent */ = {
			isa = PBXNativeTarget;
			buildConfigurationList = 3D2C84CB290D8E1E007B3630 /* Build configuration list for PBXNativeTarget "BackgroundContent" */;
			buildPhases = (
				3D2C84B3290D8E1C007B3630 /* Sources */,
				3D2C84B4290D8E1C007B3630 /* Frameworks */,
				3D2C84B5290D8E1C007B3630 /* Resources */,
			);
			buildRules = (
			);
			dependencies = (
			);
			name = BackgroundContent;
			productName = BackgroundContent;
			productReference = 3D2C84B7290D8E1C007B3630 /* BackgroundContent.app */;
			productType = "com.apple.product-type.application";
		};
/* End PBXNativeTarget section */

/* Begin PBXProject section */
		3D2C84AF290D8E1C007B3630 /* Project object */ = {
			isa = PBXProject;
			attributes = {
				BuildIndependentTargetsInParallel = 1;
				LastSwiftUpdateCheck = 1400;
				LastUpgradeCheck = 1400;
				TargetAttributes = {
					3D2C84B6290D8E1C007B3630 = {
						CreatedOnToolsVersion = 14.0.1;
					};
				};
			};
			buildConfigurationList = 3D2C84B2290D8E1C007B3630 /* Build configuration list for PBXProject "BackgroundContent" */;
			compatibilityVersion = "Xcode 14.0";
			developmentRegion = en;
			hasScannedForEncodings = 0;
			knownRegions = (
				en,
				Base,
			);
			mainGroup = 3D2C84AE290D8E1C007B3630;
			productRefGroup = 3D2C84B8290D8E1C007B3630 /* Products */;
			projectDirPath = "";
			projectRoot = "";
			targets = (
				3D2C84B6290D8E1C007B3630 /* BackgroundContent */,
			);
		};
/* End PBXProject section */

/* Begin PBXResourcesBuildPhase section */
		3D2C84B5290D8E1C007B3630 /* Resources */ = {
			isa = PBXResourcesBuildPhase;
			buildActionMask = 2147483647;
			files = (
				3D2C84C7290D8E1E007B3630 /* LaunchScreen.storyboard in Resources */,
				3D2C84C4290D8E1E007B3630 /* Assets.xcassets in Resources */,
				3D2C84C2290D8E1C007B3630 /* Main.storyboard in Resources */,
			);
			runOnlyForDeploymentPostprocessing = 0;
		};
/* End PBXResourcesBuildPhase section */

/* Begin PBXSourcesBuildPhase section */
		3D2C84B3290D8E1C007B3630 /* Sources */ = {
			isa = PBXSourcesBuildPhase;
			buildActionMask = 2147483647;
			files = (
				3D2C84BF290D8E1C007B3630 /* ViewController.swift in Sources */,
				3D2C84BB290D8E1C007B3630 /* AppDelegate.swift in Sources */,
				3D2C84BD290D8E1C007B3630 /* SceneDelegate.swift in Sources */,
				3D2C84D1290DA96B007B3630 /* Rick.swift in Sources */,
				10CD05182943CE4600BAD54C /* listaPersonajes.swift in Sources */,
				3D2C84CF290DA673007B3630 /* TableViewController.swift in Sources */,
			);
			runOnlyForDeploymentPostprocessing = 0;
		};
/* End PBXSourcesBuildPhase section */

/* Begin PBXVariantGroup section */
		3D2C84C0290D8E1C007B3630 /* Main.storyboard */ = {
			isa = PBXVariantGroup;
			children = (
				3D2C84C1290D8E1C007B3630 /* Base */,
			);
			name = Main.storyboard;
			sourceTree = "<group>";
		};
		3D2C84C5290D8E1E007B3630 /* LaunchScreen.storyboard */ = {
			isa = PBXVariantGroup;
			children = (
				3D2C84C6290D8E1E007B3630 /* Base */,
			);
			name = LaunchScreen.storyboard;
			sourceTree = "<group>";
		};
/* End PBXVariantGroup section */

/* Begin XCBuildConfiguration section */
		3D2C84C9290D8E1E007B3630 /* Debug */ = {
			isa = XCBuildConfiguration;
			buildSettings = {
				ALWAYS_SEARCH_USER_PATHS = NO;
				CLANG_ANALYZER_NONNULL = YES;
				CLANG_ANALYZER_NUMBER_OBJECT_CONVERSION = YES_AGGRESSIVE;
				CLANG_CXX_LANGUAGE_STANDARD = "gnu++20";
				CLANG_ENABLE_MODULES = YES;
				CLANG_ENABLE_OBJC_ARC = YES;
				CLANG_ENABLE_OBJC_WEAK = YES;
				CLANG_WARN_BLOCK_CAPTURE_AUTORELEASING = YES;
				CLANG_WARN_BOOL_CONVERSION = YES;
				CLANG_WARN_COMMA = YES;
				CLANG_WARN_CONSTANT_CONVERSION = YES;
				CLANG_WARN_DEPRECATED_OBJC_IMPLEMENTATIONS = YES;
				CLANG_WARN_DIRECT_OBJC_ISA_USAGE = YES_ERROR;
				CLANG_WARN_DOCUMENTATION_COMMENTS = YES;
				CLANG_WARN_EMPTY_BODY = YES;
				CLANG_WARN_ENUM_CONVERSION = YES;
				CLANG_WARN_INFINITE_RECURSION = YES;
				CLANG_WARN_INT_CONVERSION = YES;
				CLANG_WARN_NON_LITERAL_NULL_CONVERSION = YES;
				CLANG_WARN_OBJC_IMPLICIT_RETAIN_SELF = YES;
				CLANG_WARN_OBJC_LITERAL_CONVERSION = YES;
				CLANG_WARN_OBJC_ROOT_CLASS = YES_ERROR;
				CLANG_WARN_QUOTED_INCLUDE_IN_FRAMEWORK_HEADER = YES;
				CLANG_WARN_RANGE_LOOP_ANALYSIS = YES;
				CLANG_WARN_STRICT_PROTOTYPES = YES;
				CLANG_WARN_SUSPICIOUS_MOVE = YES;
				CLANG_WARN_UNGUARDED_AVAILABILITY = YES_AGGRESSIVE;
				CLANG_WARN_UNREACHABLE_CODE = YES;
				CLANG_WARN__DUPLICATE_METHOD_MATCH = YES;
				COPY_PHASE_STRIP = NO;
				DEBUG_INFORMATION_FORMAT = dwarf;
				ENABLE_STRICT_OBJC_MSGSEND = YES;
				ENABLE_TESTABILITY = YES;
				GCC_C_LANGUAGE_STANDARD = gnu11;
				GCC_DYNAMIC_NO_PIC = NO;
				GCC_NO_COMMON_BLOCKS = YES;
				GCC_OPTIMIZATION_LEVEL = 0;
				GCC_PREPROCESSOR_DEFINITIONS = (
					"DEBUG=1",
					"$(inherited)",
				);
				GCC_WARN_64_TO_32_BIT_CONVERSION = YES;
				GCC_WARN_ABOUT_RETURN_TYPE = YES_ERROR;
				GCC_WARN_UNDECLARED_SELECTOR = YES;
				GCC_WARN_UNINITIALIZED_AUTOS = YES_AGGRESSIVE;
				GCC_WARN_UNUSED_FUNCTION = YES;
				GCC_WARN_UNUSED_VARIABLE = YES;
				IPHONEOS_DEPLOYMENT_TARGET = 16.0;
				MTL_ENABLE_DEBUG_INFO = INCLUDE_SOURCE;
				MTL_FAST_MATH = YES;
				ONLY_ACTIVE_ARCH = YES;
				SDKROOT = iphoneos;
				SWIFT_ACTIVE_COMPILATION_CONDITIONS = DEBUG;
				SWIFT_OPTIMIZATION_LEVEL = "-Onone";
			};
			name = Debug;
		};
		3D2C84CA290D8E1E007B3630 /* Release */ = {
			isa = XCBuildConfiguration;
			buildSettings = {
				ALWAYS_SEARCH_USER_PATHS = NO;
				CLANG_ANALYZER_NONNULL = YES;
				CLANG_ANALYZER_NUMBER_OBJECT_CONVERSION = YES_AGGRESSIVE;
				CLANG_CXX_LANGUAGE_STANDARD = "gnu++20";
				CLANG_ENABLE_MODULES = YES;
				CLANG_ENABLE_OBJC_ARC = YES;
				CLANG_ENABLE_OBJC_WEAK = YES;
				CLANG_WARN_BLOCK_CAPTURE_AUTORELEASING = YES;
				CLANG_WARN_BOOL_CONVERSION = YES;
				CLANG_WARN_COMMA = YES;
				CLANG_WARN_CONSTANT_CONVERSION = YES;
				CLANG_WARN_DEPRECATED_OBJC_IMPLEMENTATIONS = YES;
				CLANG_WARN_DIRECT_OBJC_ISA_USAGE = YES_ERROR;
				CLANG_WARN_DOCUMENTATION_COMMENTS = YES;
				CLANG_WARN_EMPTY_BODY = YES;
				CLANG_WARN_ENUM_CONVERSION = YES;
				CLANG_WARN_INFINITE_RECURSION = YES;
				CLANG_WARN_INT_CONVERSION = YES;
				CLANG_WARN_NON_LITERAL_NULL_CONVERSION = YES;
				CLANG_WARN_OBJC_IMPLICIT_RETAIN_SELF = YES;
				CLANG_WARN_OBJC_LITERAL_CONVERSION = YES;
				CLANG_WARN_OBJC_ROOT_CLASS = YES_ERROR;
				CLANG_WARN_QUOTED_INCLUDE_IN_FRAMEWORK_HEADER = YES;
				CLANG_WARN_RANGE_LOOP_ANALYSIS = YES;
				CLANG_WARN_STRICT_PROTOTYPES = YES;
				CLANG_WARN_SUSPICIOUS_MOVE = YES;
				CLANG_WARN_UNGUARDED_AVAILABILITY = YES_AGGRESSIVE;
				CLANG_WARN_UNREACHABLE_CODE = YES;
				CLANG_WARN__DUPLICATE_METHOD_MATCH = YES;
				COPY_PHASE_STRIP = NO;
				DEBUG_INFORMATION_FORMAT = "dwarf-with-dsym";
				ENABLE_NS_ASSERTIONS = NO;
				ENABLE_STRICT_OBJC_MSGSEND = YES;
				GCC_C_LANGUAGE_STANDARD = gnu11;
				GCC_NO_COMMON_BLOCKS = YES;
				GCC_WARN_64_TO_32_BIT_CONVERSION = YES;
				GCC_WARN_ABOUT_RETURN_TYPE = YES_ERROR;
				GCC_WARN_UNDECLARED_SELECTOR = YES;
				GCC_WARN_UNINITIALIZED_AUTOS = YES_AGGRESSIVE;
				GCC_WARN_UNUSED_FUNCTION = YES;
				GCC_WARN_UNUSED_VARIABLE = YES;
				IPHONEOS_DEPLOYMENT_TARGET = 16.0;
				MTL_ENABLE_DEBUG_INFO = NO;
				MTL_FAST_MATH = YES;
				SDKROOT = iphoneos;
				SWIFT_COMPILATION_MODE = wholemodule;
				SWIFT_OPTIMIZATION_LEVEL = "-O";
				VALIDATE_PRODUCT = YES;
			};
			name = Release;
		};
		3D2C84CC290D8E1E007B3630 /* Debug */ = {
			isa = XCBuildConfiguration;
			buildSettings = {
				ASSETCATALOG_COMPILER_APPICON_NAME = AppIcon;
				ASSETCATALOG_COMPILER_GLOBAL_ACCENT_COLOR_NAME = AccentColor;
				CODE_SIGN_STYLE = Automatic;
				CURRENT_PROJECT_VERSION = 1;
				DEVELOPMENT_TEAM = UDWVL83LG5;
				GENERATE_INFOPLIST_FILE = YES;
				INFOPLIST_FILE = BackgroundContent/Info.plist;
				INFOPLIST_KEY_UIApplicationSupportsIndirectInputEvents = YES;
				INFOPLIST_KEY_UILaunchStoryboardName = LaunchScreen;
				INFOPLIST_KEY_UIMainStoryboardFile = Main;
				INFOPLIST_KEY_UISupportedInterfaceOrientations = UIInterfaceOrientationPortrait;
				INFOPLIST_KEY_UISupportedInterfaceOrientations_iPad = "UIInterfaceOrientationLandscapeLeft UIInterfaceOrientationLandscapeRight UIInterfaceOrientationPortrait UIInterfaceOrientationPortraitUpsideDown";
				IPHONEOS_DEPLOYMENT_TARGET = 15.0;
				LD_RUNPATH_SEARCH_PATHS = (
					"$(inherited)",
					"@executable_path/Frameworks",
				);
				MARKETING_VERSION = 1.0;
				PRODUCT_BUNDLE_IDENTIFIER = "-CENTE-MAP.BackgroundContent";
				PRODUCT_NAME = "$(TARGET_NAME)";
				SUPPORTED_PLATFORMS = "iphoneos iphonesimulator";
				SUPPORTS_MACCATALYST = NO;
				SUPPORTS_MAC_DESIGNED_FOR_IPHONE_IPAD = NO;
				SWIFT_EMIT_LOC_STRINGS = YES;
				SWIFT_VERSION = 5.0;
				TARGETED_DEVICE_FAMILY = 1;
			};
			name = Debug;
		};
		3D2C84CD290D8E1E007B3630 /* Release */ = {
			isa = XCBuildConfiguration;
			buildSettings = {
				ASSETCATALOG_COMPILER_APPICON_NAME = AppIcon;
				ASSETCATALOG_COMPILER_GLOBAL_ACCENT_COLOR_NAME = AccentColor;
				CODE_SIGN_STYLE = Automatic;
				CURRENT_PROJECT_VERSION = 1;
				DEVELOPMENT_TEAM = UDWVL83LG5;
				GENERATE_INFOPLIST_FILE = YES;
				INFOPLIST_FILE = BackgroundContent/Info.plist;
				INFOPLIST_KEY_UIApplicationSupportsIndirectInputEvents = YES;
				INFOPLIST_KEY_UILaunchStoryboardName = LaunchScreen;
				INFOPLIST_KEY_UIMainStoryboardFile = Main;
				INFOPLIST_KEY_UISupportedInterfaceOrientations = UIInterfaceOrientationPortrait;
				INFOPLIST_KEY_UISupportedInterfaceOrientations_iPad = "UIInterfaceOrientationLandscapeLeft UIInterfaceOrientationLandscapeRight UIInterfaceOrientationPortrait UIInterfaceOrientationPortraitUpsideDown";
				IPHONEOS_DEPLOYMENT_TARGET = 15.0;
				LD_RUNPATH_SEARCH_PATHS = (
					"$(inherited)",
					"@executable_path/Frameworks",
				);
				MARKETING_VERSION = 1.0;
				PRODUCT_BUNDLE_IDENTIFIER = "-CENTE-MAP.BackgroundContent";
				PRODUCT_NAME = "$(TARGET_NAME)";
				SUPPORTED_PLATFORMS = "iphoneos iphonesimulator";
				SUPPORTS_MACCATALYST = NO;
				SUPPORTS_MAC_DESIGNED_FOR_IPHONE_IPAD = NO;
				SWIFT_EMIT_LOC_STRINGS = YES;
				SWIFT_VERSION = 5.0;
				TARGETED_DEVICE_FAMILY = 1;
			};
			name = Release;
		};
/* End XCBuildConfiguration section */

/* Begin XCConfigurationList section */
		3D2C84B2290D8E1C007B3630 /* Build configuration list for PBXProject "BackgroundContent" */ = {
			isa = XCConfigurationList;
			buildConfigurations = (
				3D2C84C9290D8E1E007B3630 /* Debug */,
				3D2C84CA290D8E1E007B3630 /* Release */,
			);
			defaultConfigurationIsVisible = 0;
			defaultConfigurationName = Release;
		};
		3D2C84CB290D8E1E007B3630 /* Build configuration list for PBXNativeTarget "BackgroundContent" */ = {
			isa = XCConfigurationList;
			buildConfigurations = (
				3D2C84CC290D8E1E007B3630 /* Debug */,
				3D2C84CD290D8E1E007B3630 /* Release */,
			);
			defaultConfigurationIsVisible = 0;
			defaultConfigurationName = Release;
		};
/* End XCConfigurationList section */
	};
	rootObject = 3D2C84AF290D8E1C007B3630 /* Project object */;
}
